
Microsoft Visual Studio Solution File, Format Version 12.00
# Visual Studio Version 17
VisualStudioVersion = 17.1.32210.238
MinimumVisualStudioVersion = 10.0.40219.1
Project("{8BC9CEB8-8B4A-11D0-8D11-00A0C91BC942}") = "labahz", "labahz.vcxproj", "{B70C7C47-3C30-4388-9D04-DBB18C57B5CA}"
EndProject
Global
	GlobalSection(SolutionConfigurationPlatforms) = preSolution
		Debug|x64 = Debug|x64
		Debug|x86 = Debug|x86
		Release|x64 = Release|x64
		Release|x86 = Release|x86
	EndGlobalSection
	GlobalSection(ProjectConfigurationPlatforms) = postSolution
		{B70C7C47-3C30-4388-9D04-DBB18C57B5CA}.Debug|x64.ActiveCfg = Debug|x64
		{B70C7C47-3C30-4388-9D04-DBB18C57B5CA}.Debug|x64.Build.0 = Debug|x64
		{B70C7C47-3C30-4388-9D04-DBB18C57B5CA}.Debug|x86.ActiveCfg = Debug|Win32
		{B70C7C47-3C30-4388-9D04-DBB18C57B5CA}.Debug|x86.Build.0 = Debug|Win32
		{B70C7C47-3C30-4388-9D04-DBB18C57B5CA}.Release|x64.ActiveCfg = Release|x64
		{B70C7C47-3C30-4388-9D04-DBB18C57B5CA}.Release|x64.Build.0 = Release|x64
		{B70C7C47-3C30-4388-9D04-DBB18C57B5CA}.Release|x86.ActiveCfg = Release|Win32
		{B70C7C47-3C30-4388-9D04-DBB18C57B5CA}.Release|x86.Build.0 = Release|Win32
	EndGlobalSection
	GlobalSection(SolutionProperties) = preSolution
		HideSolutionNode = FALSE
	EndGlobalSection
	GlobalSection(ExtensibilityGlobals) = postSolution
		SolutionGuid = {E64EC496-4823-433C-9FD6-879DCFE2F45D}
	EndGlobalSection
EndGlobal
